
Microsoft Visual Studio Solution File, Format Version 12.00
# Visual Studio Version 17
VisualStudioVersion = 17.4.33213.308
MinimumVisualStudioVersion = 10.0.40219.1
Project("{FAE04EC0-301F-11D3-BF4B-00C04F79EFBC}") = "Modul4_1302213073", "Modul4_1302213073\Modul4_1302213073.csproj", "{82D7DA48-202B-420E-8FD0-16005352C17E}"
EndProject
Global
	GlobalSection(SolutionConfigurationPlatforms) = preSolution
		Debug|Any CPU = Debug|Any CPU
		Release|Any CPU = Release|Any CPU
	EndGlobalSection
	GlobalSection(ProjectConfigurationPlatforms) = postSolution
		{82D7DA48-202B-420E-8FD0-16005352C17E}.Debug|Any CPU.ActiveCfg = Debug|Any CPU
		{82D7DA48-202B-420E-8FD0-16005352C17E}.Debug|Any CPU.Build.0 = Debug|Any CPU
		{82D7DA48-202B-420E-8FD0-16005352C17E}.Release|Any CPU.ActiveCfg = Release|Any CPU
		{82D7DA48-202B-420E-8FD0-16005352C17E}.Release|Any CPU.Build.0 = Release|Any CPU
	EndGlobalSection
	GlobalSection(SolutionProperties) = preSolution
		HideSolutionNode = FALSE
	EndGlobalSection
	GlobalSection(ExtensibilityGlobals) = postSolution
		SolutionGuid = {00D80731-C88F-4AF3-A13D-BCBA27269463}
	EndGlobalSection
EndGlobal
